{
  "name": "config-xml-js",
  "version": "2.2.1",
  "lockfileVersion": 2,
  "requires": true,
  "packages": {
    "": {
      "name": "config-xml-js",
      "version": "2.2.1",
      "license": "MIT",
      "dependencies": {
        "@xmldom/xmldom": "^0.8.3"
      }
    },
    "node_modules/@xmldom/xmldom": {
      "version": "0.8.3",
      "resolved": "https://registry.npmjs.org/@xmldom/xmldom/-/xmldom-0.8.3.tgz",
      "integrity": "sha512-Lv2vySXypg4nfa51LY1nU8yDAGo/5YwF+EY/rUZgIbfvwVARcd67ttCM8SMsTeJy51YhHYavEq+FS6R0hW9PFQ==",
      "engines": {
        "node": ">=10.0.0"
      }
    }
  },
  "dependencies": {
    "@xmldom/xmldom": {
      "version": "0.8.3",
      "resolved": "https://registry.npmjs.org/@xmldom/xmldom/-/xmldom-0.8.3.tgz",
      "integrity": "sha512-Lv2vySXypg4nfa51LY1nU8yDAGo/5YwF+EY/rUZgIbfvwVARcd67ttCM8SMsTeJy51YhHYavEq+FS6R0hW9PFQ=="
    }
  }
}
